github.com/holidaymike/HelloLib v0.0.0-20200913195317-12339bb29c61 h1:l2KfeFSfhj3KxX0mAxxC1yklPxL+OecYo5zoiBBlZjM=
github.com/holidaymike/HelloLib v0.0.0-20200913195317-12339bb29c61/go.mod h1:7E4OxWIOw7m72mC4W7TwucQvKbdyuOBG0QKw0ywrctM=
github.com/holidaymike/HelloLib v0.0.0-20200915234219-32c8fa8ac7d5 h1:Yuy81CD3VvQBarcsIZMN9tH3c8CgBWNMaW4xgOolqtI=
github.com/holidaymike/HelloLib v0.0.0-20200915234219-32c8fa8ac7d5/go.mod h1:7E4OxWIOw7m72mC4W7TwucQvKbdyuOBG0QKw0ywrctM=
github.com/holidaymike/HelloLib v0.0.0-20200916000824-b398c2bdf87a h1:mVfLvIRsR2W2wLh6m7TbfT+0wnJjsA2aMBocLfChCY4=
github.com/holidaymike/HelloLib v0.0.0-20200916000824-b398c2bdf87a/go.mod h1:7E4OxWIOw7m72mC4W7TwucQvKbdyuOBG0QKw0ywrctM=
github.com/holidaymike/HelloLib v0.0.0-20200916001841-db4d7cc8da13 h1:WQzPgFGBIGR4+nJy3bIm1ESRXnLLVYYlKfJg67zcrmw=
github.com/holidaymike/HelloLib v0.0.0-20200916001841-db4d7cc8da13/go.mod h1:7E4OxWIOw7m72mC4W7TwucQvKbdyuOBG0QKw0ywrctM=
github.com/holidaymike/HelloLib v1.0.0 h1:pmR3ViwXNExRulLAm9eVfc5yPqG2fWiWzxnAW99fYSM=
github.com/holidaymike/HelloLib v1.0.0/go.mod h1:7E4OxWIOw7m72mC4W7TwucQvKbdyuOBG0QKw0ywrctM=
github.com/holidaymike/HelloLib v1.1.0 h1:8BVk8Qi9OAgRyurwAYTVRmL+tmWWE+atJGsVPrT0ENs=
github.com/holidaymike/HelloLib v1.1.0/go.mod h1:7E4OxWIOw7m72mC4W7TwucQvKbdyuOBG0QKw0ywrctM=
github.com/holidaymike/HelloLib v1.2.0 h1:KzcGgnGl6I+cs77Dk0Bi/vsNVh2SKQyv+4F7bzfJUb0=
github.com/holidaymike/HelloLib v1.2.0/go.mod h1:FfUhrJksuKF2goY34p/n+TIwTi9TybgX7iY4mc3qYjM=
github.com/holidaymike/HelloLib v1.2.1-0.20200915032802-94d2d8b153d4/go.mod h1:FfUhrJksuKF2goY34p/n+TIwTi9TybgX7iY4mc3qYjM=
github.com/holidaymike/HelloLib v1.2.1-0.20200915161104-7a961d3f812f h1:gOndKeOyzcBSqX1eryLW1c+ZqUoSvuP1zvIfXzxO90w=
github.com/holidaymike/HelloLib v1.2.1-0.20200915161104-7a961d3f812f/go.mod h1:FfUhrJksuKF2goY34p/n+TIwTi9TybgX7iY4mc3qYjM=
github.com/holidaymike/HelloLib v1.3.0 h1:rS8t4EG4HZyLFTf0fX2MUC26cttY6ruGwpb4F0z4xJ4=
github.com/holidaymike/HelloLib v1.3.0/go.mod h1:FfUhrJksuKF2goY34p/n+TIwTi9TybgX7iY4mc3qYjM=
github.com/holidaymike/HelloLib v1.4.0 h1:wCQ+hW3ylQsPRcqxNVQAipVFp4EMTZz1AuemjDwpsQA=
github.com/holidaymike/HelloLib v1.4.0/go.mod h1:FfUhrJksuKF2goY34p/n+TIwTi9TybgX7iY4mc3qYjM=
github.com/holidaymike/HelloLib v1.4.1-0.20200916155809-e160c8f5615b h1:CyoR+wTXQkJkN6IsKwPQiYV6AoBJJGevks0P329nfOw=
github.com/holidaymike/HelloLib v1.4.1-0.20200916155809-e160c8f5615b/go.mod h1:FfUhrJksuKF2goY34p/n+TIwTi9TybgX7iY4mc3qYjM=
github.com/holidaymike/HelloLib v1.4.1-0.20200916155901-2c93c9ae26f9 h1:gqHBZOiEeGwF5IXlW6Z5u5VIkbfnivIBVDn8xsQjsfU=
github.com/holidaymike/HelloLib v1.4.1-0.20200916155901-2c93c9ae26f9/go.mod h1:FfUhrJksuKF2goY34p/n+TIwTi9TybgX7iY4mc3qYjM=
github.com/holidaymike/HelloLib v1.4.1-0.20200916160239-67103b49b31c h1:wi0lD2tuhKQBqKQ5jChlBgjpMyaY7ZF0IF8yQHWyULA=
github.com/holidaymike/HelloLib v1.4.1-0.20200916160239-67103b49b31c/go.mod h1:FfUhrJksuKF2goY34p/n+TIwTi9TybgX7iY4mc3qYjM=
github.com/holidaymike/HelloLib v1.5.0 h1:OslL3a3oerzDbS1R2Z9owYG34jx/joRGYo74bx5BYik=
github.com/holidaymike/HelloLib v1.5.0/go.mod h1:FfUhrJksuKF2goY34p/n+TIwTi9TybgX7iY4mc3qYjM=
github.com/holidaymike/HelloLib v1.6.0 h1:chzYpTaIkuxG8QsdKS6f0p6JnOeHAsjLCI6zisao0Vk=
github.com/holidaymike/HelloLib v1.6.0/go.mod h1:FfUhrJksuKF2goY34p/n+TIwTi9TybgX7iY4mc3qYjM=
